
Microsoft Visual Studio Solution File, Format Version 12.00
# Visual Studio Version 16
VisualStudioVersion = 16.0.28917.181
MinimumVisualStudioVersion = 10.0.40219.1
Project("{888888A0-9F3D-457C-B088-3A5042F75D52}") = "FireWebSiteFillinginformation", "FireWebSiteFillinginformation\FireWebSiteFillinginformation.pyproj", "{90B91577-0BBD-47D0-9284-E029FEA1A02A}"
EndProject
Global
	GlobalSection(SolutionConfigurationPlatforms) = preSolution
		Debug|Any CPU = Debug|Any CPU
		Release|Any CPU = Release|Any CPU
	EndGlobalSection
	GlobalSection(ProjectConfigurationPlatforms) = postSolution
		{90B91577-0BBD-47D0-9284-E029FEA1A02A}.Debug|Any CPU.ActiveCfg = Debug|Any CPU
		{90B91577-0BBD-47D0-9284-E029FEA1A02A}.Release|Any CPU.ActiveCfg = Release|Any CPU
	EndGlobalSection
	GlobalSection(SolutionProperties) = preSolution
		HideSolutionNode = FALSE
	EndGlobalSection
	GlobalSection(ExtensibilityGlobals) = postSolution
		SolutionGuid = {A1B7A976-1EE5-4FC9-836A-2F057BC8CDAE}
	EndGlobalSection
EndGlobal
